// !$*UTF8*$!
{
	archiveVersion = 1;
	classes = {
	};
	objectVersion = 46;
	objects = {

/* Begin PBXBuildFile section */
		32BA3BE32389CDADADFCA67E /* libPods-secret diary.a in Frameworks */ = {isa = PBXBuildFile; fileRef = 2A2A50349295F77161F690FC /* libPods-secret diary.a */; };
		7B1DB37D1DB979B200D64BDB /* MapKit.framework in Frameworks */ = {isa = PBXBuildFile; fileRef = 7B1DB37C1DB979B200D64BDB /* MapKit.framework */; };
		7B1DB3831DB9CED100D64BDB /* MapViewController.m in Sources */ = {isa = PBXBuildFile; fileRef = 7B1DB3821DB9CED100D64BDB /* MapViewController.m */; };
		7B206F1F1DCD413900773BDE /* MarkerDetailView.m in Sources */ = {isa = PBXBuildFile; fileRef = 7B206F1E1DCD413900773BDE /* MarkerDetailView.m */; };
		7B380F3E1CFE92FC00EF3735 /* AuthenticationViewController.m in Sources */ = {isa = PBXBuildFile; fileRef = 7B380F3D1CFE92FC00EF3735 /* AuthenticationViewController.m */; };
		7B41FB801D2C10180091DC64 /* DoubleTapImage.m in Sources */ = {isa = PBXBuildFile; fileRef = 7B41FB7F1D2C10180091DC64 /* DoubleTapImage.m */; };
		7B470C231D272140009C01D0 /* UIFont+CustomFont.m in Sources */ = {isa = PBXBuildFile; fileRef = 7B470C221D272140009C01D0 /* UIFont+CustomFont.m */; };
		7B470C261D272429009C01D0 /* UIColor+CustomColor.m in Sources */ = {isa = PBXBuildFile; fileRef = 7B470C251D272429009C01D0 /* UIColor+CustomColor.m */; };
		7B470C291D27516D009C01D0 /* DetailViewController.m in Sources */ = {isa = PBXBuildFile; fileRef = 7B470C281D27516D009C01D0 /* DetailViewController.m */; };
		7B5045961CF9FB00008A6AB6 /* Gotham Narrow Book.otf in Resources */ = {isa = PBXBuildFile; fileRef = 7B24DAFE1CF962A4001435E7 /* Gotham Narrow Book.otf */; };
		7B5045971CF9FB00008A6AB6 /* GOTHAM-MEDIUM.TTF in Resources */ = {isa = PBXBuildFile; fileRef = 7B24DAFF1CF962A4001435E7 /* GOTHAM-MEDIUM.TTF */; };
		7B5045981CF9FB00008A6AB6 /* billabong.ttf in Resources */ = {isa = PBXBuildFile; fileRef = 7B24DAFD1CF962A4001435E7 /* billabong.ttf */; };
		7B516BDD1DAD8D92000F36EE /* LocationManager.m in Sources */ = {isa = PBXBuildFile; fileRef = 7B516BDC1DAD8D92000F36EE /* LocationManager.m */; };
		7B516BE01DAEDC50000F36EE /* SectionReusableView.m in Sources */ = {isa = PBXBuildFile; fileRef = 7B516BDF1DAEDC50000F36EE /* SectionReusableView.m */; };
		7B516BE31DAF51C5000F36EE /* PlaceholderView.m in Sources */ = {isa = PBXBuildFile; fileRef = 7B516BE21DAF51C5000F36EE /* PlaceholderView.m */; };
		7B72CF261DB00401004E65D7 /* TableViewHeaderView.m in Sources */ = {isa = PBXBuildFile; fileRef = 7B72CF251DB00401004E65D7 /* TableViewHeaderView.m */; };
		7B72CF291DB00E46004E65D7 /* CustomToolBar.m in Sources */ = {isa = PBXBuildFile; fileRef = 7B72CF281DB00E46004E65D7 /* CustomToolBar.m */; };
		7B74B9771CF7ABF200F69544 /* main.m in Sources */ = {isa = PBXBuildFile; fileRef = 7B74B9761CF7ABF200F69544 /* main.m */; };
		7B74B97A1CF7ABF200F69544 /* AppDelegate.m in Sources */ = {isa = PBXBuildFile; fileRef = 7B74B9791CF7ABF200F69544 /* AppDelegate.m */; };
		7B74B9801CF7ABF200F69544 /* Main.storyboard in Resources */ = {isa = PBXBuildFile; fileRef = 7B74B97E1CF7ABF200F69544 /* Main.storyboard */; };
		7B74B9831CF7ABF200F69544 /* BlogReaderApp.xcdatamodeld in Sources */ = {isa = PBXBuildFile; fileRef = 7B74B9811CF7ABF200F69544 /* BlogReaderApp.xcdatamodeld */; };
		7B74B9851CF7ABF200F69544 /* Assets.xcassets in Resources */ = {isa = PBXBuildFile; fileRef = 7B74B9841CF7ABF200F69544 /* Assets.xcassets */; };
		7B74B9881CF7ABF200F69544 /* LaunchScreen.storyboard in Resources */ = {isa = PBXBuildFile; fileRef = 7B74B9861CF7ABF200F69544 /* LaunchScreen.storyboard */; };
		7B74B9931CF7ABF200F69544 /* BlogReaderAppTests.m in Sources */ = {isa = PBXBuildFile; fileRef = 7B74B9921CF7ABF200F69544 /* BlogReaderAppTests.m */; };
		7B74B99E1CF7B1F300F69544 /* CoreData.framework in Frameworks */ = {isa = PBXBuildFile; fileRef = 7B74B99D1CF7B1F300F69544 /* CoreData.framework */; };
		7B74B9A11CF7B3C400F69544 /* THCoreDataStack.m in Sources */ = {isa = PBXBuildFile; fileRef = 7B74B9A01CF7B3C400F69544 /* THCoreDataStack.m */; };
		7B74B9A61CF7B71D00F69544 /* THDiaryEntry+CoreDataProperties.m in Sources */ = {isa = PBXBuildFile; fileRef = 7B74B9A31CF7B71D00F69544 /* THDiaryEntry+CoreDataProperties.m */; };
		7B74B9A71CF7B71D00F69544 /* THDiaryEntry.m in Sources */ = {isa = PBXBuildFile; fileRef = 7B74B9A51CF7B71D00F69544 /* THDiaryEntry.m */; };
		7B74B9AC1CF7BC2300F69544 /* THEntryViewcontroller.m in Sources */ = {isa = PBXBuildFile; fileRef = 7B74B9AB1CF7BC2300F69544 /* THEntryViewcontroller.m */; };
		7B74B9AF1CF7D97500F69544 /* THEntrylistViewController.m in Sources */ = {isa = PBXBuildFile; fileRef = 7B74B9AE1CF7D97500F69544 /* THEntrylistViewController.m */; };
		7B74B9B41CF80FAF00F69544 /* THNavigationController.m in Sources */ = {isa = PBXBuildFile; fileRef = 7B74B9B31CF80FAF00F69544 /* THNavigationController.m */; };
		7B74B9B81CF8148D00F69544 /* THEntryCell.m in Sources */ = {isa = PBXBuildFile; fileRef = 7B74B9B71CF8148D00F69544 /* THEntryCell.m */; };
		7B9606E01DB150E000D9C5F7 /* UITableView+Additions.m in Sources */ = {isa = PBXBuildFile; fileRef = 7B9606DF1DB150E000D9C5F7 /* UITableView+Additions.m */; };
		7B995CC61D99CF020047B6D5 /* TopView.m in Sources */ = {isa = PBXBuildFile; fileRef = 7B995CC51D99CF020047B6D5 /* TopView.m */; };
		7B995CCA1D99CF440047B6D5 /* CommonUIConstants.m in Sources */ = {isa = PBXBuildFile; fileRef = 7B995CC81D99CF440047B6D5 /* CommonUIConstants.m */; };
		7B995CCE1D99CF990047B6D5 /* Common.m in Sources */ = {isa = PBXBuildFile; fileRef = 7B995CCC1D99CF990047B6D5 /* Common.m */; };
		7B995CD11D99D1CD0047B6D5 /* dismiss.png in Resources */ = {isa = PBXBuildFile; fileRef = 7B995CD01D99D1CD0047B6D5 /* dismiss.png */; };
		7B995CD41D99E7E80047B6D5 /* FilterSettings.m in Sources */ = {isa = PBXBuildFile; fileRef = 7B995CD31D99E7E80047B6D5 /* FilterSettings.m */; };
		7B995CD71D99E7FE0047B6D5 /* SlidersView.m in Sources */ = {isa = PBXBuildFile; fileRef = 7B995CD61D99E7FE0047B6D5 /* SlidersView.m */; };
		7B995CDA1D99E81C0047B6D5 /* UISlider+Additions.m in Sources */ = {isa = PBXBuildFile; fileRef = 7B995CD91D99E81C0047B6D5 /* UISlider+Additions.m */; };
		7B995CE61D99F23B0047B6D5 /* ListCVFL.m in Sources */ = {isa = PBXBuildFile; fileRef = 7B995CE51D99F23B0047B6D5 /* ListCVFL.m */; };
		7B995CE91D99F2940047B6D5 /* UICollectionView+Additions.m in Sources */ = {isa = PBXBuildFile; fileRef = 7B995CE81D99F2940047B6D5 /* UICollectionView+Additions.m */; };
		7B995CEC1D99F3050047B6D5 /* FilterThumbnailCVCell.m in Sources */ = {isa = PBXBuildFile; fileRef = 7B995CEB1D99F3050047B6D5 /* FilterThumbnailCVCell.m */; };
		7B995CEF1D99F6EC0047B6D5 /* UIImage+UIImage.m in Sources */ = {isa = PBXBuildFile; fileRef = 7B995CEE1D99F6EC0047B6D5 /* UIImage+UIImage.m */; };
		7B995CF21D99F82D0047B6D5 /* UIView+Additions.m in Sources */ = {isa = PBXBuildFile; fileRef = 7B995CF11D99F82D0047B6D5 /* UIView+Additions.m */; };
		7B9FC3591DCD82D5000AC79F /* DirectionsCell.m in Sources */ = {isa = PBXBuildFile; fileRef = 7B9FC3581DCD82D5000AC79F /* DirectionsCell.m */; };
		7BA833231D94E9C800841B40 /* FilterViewController.m in Sources */ = {isa = PBXBuildFile; fileRef = 7BA833221D94E9C800841B40 /* FilterViewController.m */; };
		7BCF0D571CF8D4EC003E4CB1 /* QuartzCore.framework in Frameworks */ = {isa = PBXBuildFile; fileRef = 7BCF0D561CF8D4EC003E4CB1 /* QuartzCore.framework */; };
		7BCF0D591CF8D6F2003E4CB1 /* CoreLocation.framework in Frameworks */ = {isa = PBXBuildFile; fileRef = 7BCF0D581CF8D6F2003E4CB1 /* CoreLocation.framework */; };
		7BDB91681D38886D0004EB6B /* GridCollectionViewCell.m in Sources */ = {isa = PBXBuildFile; fileRef = 7BDB91671D38886D0004EB6B /* GridCollectionViewCell.m */; };
		7BDB916B1D388A930004EB6B /* GridCollectionViewFlowLayout.m in Sources */ = {isa = PBXBuildFile; fileRef = 7BDB916A1D388A930004EB6B /* GridCollectionViewFlowLayout.m */; };
		7BEB6BCB1CFE49E000C018FD /* LocalAuthentication.framework in Frameworks */ = {isa = PBXBuildFile; fileRef = 7BEB6BCA1CFE49E000C018FD /* LocalAuthentication.framework */; };
		7BF0F6951DCD78C3005DDB93 /* StreetVCViewController.m in Sources */ = {isa = PBXBuildFile; fileRef = 7BF0F6941DCD78C3005DDB93 /* StreetVCViewController.m */; };
		7BF359911CFE14F300ABB239 /* ImageViewController.m in Sources */ = {isa = PBXBuildFile; fileRef = 7BF359901CFE14F300ABB239 /* ImageViewController.m */; };
		E18964A0EA6A14C766B1441F /* libPods-secret diaryTests.a in Frameworks */ = {isa = PBXBuildFile; fileRef = BE3A182758288E4FF1CAB2DB /* libPods-secret diaryTests.a */; };
/* End PBXBuildFile section */

/* Begin PBXContainerItemProxy section */
		7B74B98F1CF7ABF200F69544 /* PBXContainerItemProxy */ = {
			isa = PBXContainerItemProxy;
			containerPortal = 7B74B96A1CF7ABF200F69544 /* Project object */;
			proxyType = 1;
			remoteGlobalIDString = 7B74B9711CF7ABF200F69544;
			remoteInfo = BlogReaderApp;
		};
/* End PBXContainerItemProxy section */

/* Begin PBXFileReference section */
		2A2A50349295F77161F690FC /* libPods-secret diary.a */ = {isa = PBXFileReference; explicitFileType = archive.ar; includeInIndex = 0; path = "libPods-secret diary.a"; sourceTree = BUILT_PRODUCTS_DIR; };
		2AAC374B9C1CA1CE434E6D3F /* Pods-secret diaryTests.release.xcconfig */ = {isa = PBXFileReference; includeInIndex = 1; lastKnownFileType = text.xcconfig; name = "Pods-secret diaryTests.release.xcconfig"; path = "Pods/Target Support Files/Pods-secret diaryTests/Pods-secret diaryTests.release.xcconfig"; sourceTree = "<group>"; };
		7B1DB37C1DB979B200D64BDB /* MapKit.framework */ = {isa = PBXFileReference; lastKnownFileType = wrapper.framework; name = MapKit.framework; path = System/Library/Frameworks/MapKit.framework; sourceTree = SDKROOT; };
		7B1DB3811DB9CED100D64BDB /* MapViewController.h */ = {isa = PBXFileReference; fileEncoding = 4; lastKnownFileType = sourcecode.c.h; path = MapViewController.h; sourceTree = "<group>"; };
		7B1DB3821DB9CED100D64BDB /* MapViewController.m */ = {isa = PBXFileReference; fileEncoding = 4; lastKnownFileType = sourcecode.c.objc; path = MapViewController.m; sourceTree = "<group>"; };
		7B206F1D1DCD413900773BDE /* MarkerDetailView.h */ = {isa = PBXFileReference; fileEncoding = 4; lastKnownFileType = sourcecode.c.h; path = MarkerDetailView.h; sourceTree = "<group>"; };
		7B206F1E1DCD413900773BDE /* MarkerDetailView.m */ = {isa = PBXFileReference; fileEncoding = 4; lastKnownFileType = sourcecode.c.objc; path = MarkerDetailView.m; sourceTree = "<group>"; };
		7B24DAFD1CF962A4001435E7 /* billabong.ttf */ = {isa = PBXFileReference; lastKnownFileType = file; name = billabong.ttf; path = ../billabong.ttf; sourceTree = "<group>"; };
		7B24DAFE1CF962A4001435E7 /* Gotham Narrow Book.otf */ = {isa = PBXFileReference; lastKnownFileType = file; name = "Gotham Narrow Book.otf"; path = "../Gotham Narrow Book.otf"; sourceTree = "<group>"; };
		7B24DAFF1CF962A4001435E7 /* GOTHAM-MEDIUM.TTF */ = {isa = PBXFileReference; lastKnownFileType = file; name = "GOTHAM-MEDIUM.TTF"; path = "../GOTHAM-MEDIUM.TTF"; sourceTree = "<group>"; };
		7B380F3C1CFE92FC00EF3735 /* AuthenticationViewController.h */ = {isa = PBXFileReference; fileEncoding = 4; lastKnownFileType = sourcecode.c.h; path = AuthenticationViewController.h; sourceTree = "<group>"; };
		7B380F3D1CFE92FC00EF3735 /* AuthenticationViewController.m */ = {isa = PBXFileReference; fileEncoding = 4; lastKnownFileType = sourcecode.c.objc; path = AuthenticationViewController.m; sourceTree = "<group>"; };
		7B41FB7E1D2C10180091DC64 /* DoubleTapImage.h */ = {isa = PBXFileReference; fileEncoding = 4; lastKnownFileType = sourcecode.c.h; path = DoubleTapImage.h; sourceTree = "<group>"; };
		7B41FB7F1D2C10180091DC64 /* DoubleTapImage.m */ = {isa = PBXFileReference; fileEncoding = 4; lastKnownFileType = sourcecode.c.objc; path = DoubleTapImage.m; sourceTree = "<group>"; };
		7B470C211D272140009C01D0 /* UIFont+CustomFont.h */ = {isa = PBXFileReference; fileEncoding = 4; lastKnownFileType = sourcecode.c.h; path = "UIFont+CustomFont.h"; sourceTree = "<group>"; };
		7B470C221D272140009C01D0 /* UIFont+CustomFont.m */ = {isa = PBXFileReference; fileEncoding = 4; lastKnownFileType = sourcecode.c.objc; path = "UIFont+CustomFont.m"; sourceTree = "<group>"; };
		7B470C241D272429009C01D0 /* UIColor+CustomColor.h */ = {isa = PBXFileReference; fileEncoding = 4; lastKnownFileType = sourcecode.c.h; path = "UIColor+CustomColor.h"; sourceTree = "<group>"; };
		7B470C251D272429009C01D0 /* UIColor+CustomColor.m */ = {isa = PBXFileReference; fileEncoding = 4; lastKnownFileType = sourcecode.c.objc; path = "UIColor+CustomColor.m"; sourceTree = "<group>"; };
		7B470C271D27516D009C01D0 /* DetailViewController.h */ = {isa = PBXFileReference; fileEncoding = 4; lastKnownFileType = sourcecode.c.h; path = DetailViewController.h; sourceTree = "<group>"; };
		7B470C281D27516D009C01D0 /* DetailViewController.m */ = {isa = PBXFileReference; fileEncoding = 4; lastKnownFileType = sourcecode.c.objc; path = DetailViewController.m; sourceTree = "<group>"; };
		7B516BDB1DAD8D92000F36EE /* LocationManager.h */ = {isa = PBXFileReference; fileEncoding = 4; lastKnownFileType = sourcecode.c.h; path = LocationManager.h; sourceTree = "<group>"; };
		7B516BDC1DAD8D92000F36EE /* LocationManager.m */ = {isa = PBXFileReference; fileEncoding = 4; lastKnownFileType = sourcecode.c.objc; path = LocationManager.m; sourceTree = "<group>"; };
		7B516BDE1DAEDC50000F36EE /* SectionReusableView.h */ = {isa = PBXFileReference; fileEncoding = 4; lastKnownFileType = sourcecode.c.h; path = SectionReusableView.h; sourceTree = "<group>"; };
		7B516BDF1DAEDC50000F36EE /* SectionReusableView.m */ = {isa = PBXFileReference; fileEncoding = 4; lastKnownFileType = sourcecode.c.objc; path = SectionReusableView.m; sourceTree = "<group>"; };
		7B516BE11DAF51C5000F36EE /* PlaceholderView.h */ = {isa = PBXFileReference; fileEncoding = 4; lastKnownFileType = sourcecode.c.h; path = PlaceholderView.h; sourceTree = "<group>"; };
		7B516BE21DAF51C5000F36EE /* PlaceholderView.m */ = {isa = PBXFileReference; fileEncoding = 4; lastKnownFileType = sourcecode.c.objc; path = PlaceholderView.m; sourceTree = "<group>"; };
		7B72CF241DB00401004E65D7 /* TableViewHeaderView.h */ = {isa = PBXFileReference; fileEncoding = 4; lastKnownFileType = sourcecode.c.h; path = TableViewHeaderView.h; sourceTree = "<group>"; };
		7B72CF251DB00401004E65D7 /* TableViewHeaderView.m */ = {isa = PBXFileReference; fileEncoding = 4; lastKnownFileType = sourcecode.c.objc; path = TableViewHeaderView.m; sourceTree = "<group>"; };
		7B72CF271DB00E46004E65D7 /* CustomToolBar.h */ = {isa = PBXFileReference; fileEncoding = 4; lastKnownFileType = sourcecode.c.h; path = CustomToolBar.h; sourceTree = "<group>"; };
		7B72CF281DB00E46004E65D7 /* CustomToolBar.m */ = {isa = PBXFileReference; fileEncoding = 4; lastKnownFileType = sourcecode.c.objc; path = CustomToolBar.m; sourceTree = "<group>"; };
		7B74B9721CF7ABF200F69544 /* secret diary.app */ = {isa = PBXFileReference; explicitFileType = wrapper.application; includeInIndex = 0; path = "secret diary.app"; sourceTree = BUILT_PRODUCTS_DIR; };
		7B74B9761CF7ABF200F69544 /* main.m */ = {isa = PBXFileReference; lastKnownFileType = sourcecode.c.objc; path = main.m; sourceTree = "<group>"; };
		7B74B9781CF7ABF200F69544 /* AppDelegate.h */ = {isa = PBXFileReference; lastKnownFileType = sourcecode.c.h; path = AppDelegate.h; sourceTree = "<group>"; };
		7B74B9791CF7ABF200F69544 /* AppDelegate.m */ = {isa = PBXFileReference; lastKnownFileType = sourcecode.c.objc; path = AppDelegate.m; sourceTree = "<group>"; };
		7B74B97F1CF7ABF200F69544 /* Base */ = {isa = PBXFileReference; lastKnownFileType = file.storyboard; name = Base; path = Base.lproj/Main.storyboard; sourceTree = "<group>"; };
		7B74B9821CF7ABF200F69544 /* BlogReaderApp.xcdatamodel */ = {isa = PBXFileReference; lastKnownFileType = wrapper.xcdatamodel; path = BlogReaderApp.xcdatamodel; sourceTree = "<group>"; };
		7B74B9841CF7ABF200F69544 /* Assets.xcassets */ = {isa = PBXFileReference; lastKnownFileType = folder.assetcatalog; path = Assets.xcassets; sourceTree = "<group>"; };
		7B74B9871CF7ABF200F69544 /* Base */ = {isa = PBXFileReference; lastKnownFileType = file.storyboard; name = Base; path = Base.lproj/LaunchScreen.storyboard; sourceTree = "<group>"; };
		7B74B9891CF7ABF200F69544 /* Info.plist */ = {isa = PBXFileReference; lastKnownFileType = text.plist.xml; path = Info.plist; sourceTree = "<group>"; };
		7B74B98E1CF7ABF200F69544 /* secret diary.xctest */ = {isa = PBXFileReference; explicitFileType = wrapper.cfbundle; includeInIndex = 0; path = "secret diary.xctest"; sourceTree = BUILT_PRODUCTS_DIR; };
		7B74B9921CF7ABF200F69544 /* BlogReaderAppTests.m */ = {isa = PBXFileReference; lastKnownFileType = sourcecode.c.objc; path = BlogReaderAppTests.m; sourceTree = "<group>"; };
		7B74B9941CF7ABF200F69544 /* Info.plist */ = {isa = PBXFileReference; lastKnownFileType = text.plist.xml; path = Info.plist; sourceTree = "<group>"; };
		7B74B99D1CF7B1F300F69544 /* CoreData.framework */ = {isa = PBXFileReference; lastKnownFileType = wrapper.framework; name = CoreData.framework; path = System/Library/Frameworks/CoreData.framework; sourceTree = SDKROOT; };
		7B74B99F1CF7B3C400F69544 /* THCoreDataStack.h */ = {isa = PBXFileReference; fileEncoding = 4; lastKnownFileType = sourcecode.c.h; name = THCoreDataStack.h; path = BlogReaderApp/THCoreDataStack.h; sourceTree = "<group>"; };
		7B74B9A01CF7B3C400F69544 /* THCoreDataStack.m */ = {isa = PBXFileReference; fileEncoding = 4; lastKnownFileType = sourcecode.c.objc; name = THCoreDataStack.m; path = BlogReaderApp/THCoreDataStack.m; sourceTree = "<group>"; };
		7B74B9A21CF7B71D00F69544 /* THDiaryEntry+CoreDataProperties.h */ = {isa = PBXFileReference; fileEncoding = 4; lastKnownFileType = sourcecode.c.h; path = "THDiaryEntry+CoreDataProperties.h"; sourceTree = "<group>"; };
		7B74B9A31CF7B71D00F69544 /* THDiaryEntry+CoreDataProperties.m */ = {isa = PBXFileReference; fileEncoding = 4; lastKnownFileType = sourcecode.c.objc; path = "THDiaryEntry+CoreDataProperties.m"; sourceTree = "<group>"; };
		7B74B9A41CF7B71D00F69544 /* THDiaryEntry.h */ = {isa = PBXFileReference; fileEncoding = 4; lastKnownFileType = sourcecode.c.h; path = THDiaryEntry.h; sourceTree = "<group>"; };
		7B74B9A51CF7B71D00F69544 /* THDiaryEntry.m */ = {isa = PBXFileReference; fileEncoding = 4; lastKnownFileType = sourcecode.c.objc; path = THDiaryEntry.m; sourceTree = "<group>"; };
		7B74B9AA1CF7BC2300F69544 /* THEntryViewcontroller.h */ = {isa = PBXFileReference; fileEncoding = 4; lastKnownFileType = sourcecode.c.h; path = THEntryViewcontroller.h; sourceTree = "<group>"; };
		7B74B9AB1CF7BC2300F69544 /* THEntryViewcontroller.m */ = {isa = PBXFileReference; fileEncoding = 4; lastKnownFileType = sourcecode.c.objc; path = THEntryViewcontroller.m; sourceTree = "<group>"; };
		7B74B9AD1CF7D97500F69544 /* THEntrylistViewController.h */ = {isa = PBXFileReference; fileEncoding = 4; lastKnownFileType = sourcecode.c.h; name = THEntrylistViewController.h; path = ../THEntrylistViewController.h; sourceTree = "<group>"; };
		7B74B9AE1CF7D97500F69544 /* THEntrylistViewController.m */ = {isa = PBXFileReference; fileEncoding = 4; lastKnownFileType = sourcecode.c.objc; name = THEntrylistViewController.m; path = ../THEntrylistViewController.m; sourceTree = "<group>"; };
		7B74B9B21CF80FAF00F69544 /* THNavigationController.h */ = {isa = PBXFileReference; fileEncoding = 4; lastKnownFileType = sourcecode.c.h; name = THNavigationController.h; path = BlogReaderApp/THNavigationController.h; sourceTree = "<group>"; };
		7B74B9B31CF80FAF00F69544 /* THNavigationController.m */ = {isa = PBXFileReference; fileEncoding = 4; lastKnownFileType = sourcecode.c.objc; name = THNavigationController.m; path = BlogReaderApp/THNavigationController.m; sourceTree = "<group>"; };
		7B74B9B61CF8148D00F69544 /* THEntryCell.h */ = {isa = PBXFileReference; fileEncoding = 4; lastKnownFileType = sourcecode.c.h; name = THEntryCell.h; path = BlogReaderApp/THEntryCell.h; sourceTree = "<group>"; };
		7B74B9B71CF8148D00F69544 /* THEntryCell.m */ = {isa = PBXFileReference; fileEncoding = 4; lastKnownFileType = sourcecode.c.objc; name = THEntryCell.m; path = BlogReaderApp/THEntryCell.m; sourceTree = "<group>"; };
		7B8538955EAB0DBFFFE4C917 /* Pods-secret diary.debug.xcconfig */ = {isa = PBXFileReference; includeInIndex = 1; lastKnownFileType = text.xcconfig; name = "Pods-secret diary.debug.xcconfig"; path = "Pods/Target Support Files/Pods-secret diary/Pods-secret diary.debug.xcconfig"; sourceTree = "<group>"; };
		7B9606DE1DB150E000D9C5F7 /* UITableView+Additions.h */ = {isa = PBXFileReference; fileEncoding = 4; lastKnownFileType = sourcecode.c.h; path = "UITableView+Additions.h"; sourceTree = "<group>"; };
		7B9606DF1DB150E000D9C5F7 /* UITableView+Additions.m */ = {isa = PBXFileReference; fileEncoding = 4; lastKnownFileType = sourcecode.c.objc; path = "UITableView+Additions.m"; sourceTree = "<group>"; };
		7B995CC41D99CF020047B6D5 /* TopView.h */ = {isa = PBXFileReference; fileEncoding = 4; lastKnownFileType = sourcecode.c.h; path = TopView.h; sourceTree = "<group>"; };
		7B995CC51D99CF020047B6D5 /* TopView.m */ = {isa = PBXFileReference; fileEncoding = 4; lastKnownFileType = sourcecode.c.objc; path = TopView.m; sourceTree = "<group>"; };
		7B995CC81D99CF440047B6D5 /* CommonUIConstants.m */ = {isa = PBXFileReference; fileEncoding = 4; lastKnownFileType = sourcecode.c.objc; path = CommonUIConstants.m; sourceTree = "<group>"; };
		7B995CC91D99CF440047B6D5 /* CommonUIConstants.h */ = {isa = PBXFileReference; fileEncoding = 4; lastKnownFileType = sourcecode.c.h; path = CommonUIConstants.h; sourceTree = "<group>"; };
		7B995CCB1D99CF990047B6D5 /* Common.h */ = {isa = PBXFileReference; fileEncoding = 4; lastKnownFileType = sourcecode.c.h; path = Common.h; sourceTree = "<group>"; };
		7B995CCC1D99CF990047B6D5 /* Common.m */ = {isa = PBXFileReference; fileEncoding = 4; lastKnownFileType = sourcecode.c.objc; path = Common.m; sourceTree = "<group>"; };
		7B995CD01D99D1CD0047B6D5 /* dismiss.png */ = {isa = PBXFileReference; lastKnownFileType = image.png; path = dismiss.png; sourceTree = "<group>"; };
		7B995CD21D99E7E80047B6D5 /* FilterSettings.h */ = {isa = PBXFileReference; fileEncoding = 4; lastKnownFileType = sourcecode.c.h; path = FilterSettings.h; sourceTree = "<group>"; };
		7B995CD31D99E7E80047B6D5 /* FilterSettings.m */ = {isa = PBXFileReference; fileEncoding = 4; lastKnownFileType = sourcecode.c.objc; path = FilterSettings.m; sourceTree = "<group>"; };
		7B995CD51D99E7FE0047B6D5 /* SlidersView.h */ = {isa = PBXFileReference; fileEncoding = 4; lastKnownFileType = sourcecode.c.h; path = SlidersView.h; sourceTree = "<group>"; };
		7B995CD61D99E7FE0047B6D5 /* SlidersView.m */ = {isa = PBXFileReference; fileEncoding = 4; lastKnownFileType = sourcecode.c.objc; path = SlidersView.m; sourceTree = "<group>"; };
		7B995CD81D99E81C0047B6D5 /* UISlider+Additions.h */ = {isa = PBXFileReference; fileEncoding = 4; lastKnownFileType = sourcecode.c.h; path = "UISlider+Additions.h"; sourceTree = "<group>"; };
		7B995CD91D99E81C0047B6D5 /* UISlider+Additions.m */ = {isa = PBXFileReference; fileEncoding = 4; lastKnownFileType = sourcecode.c.objc; path = "UISlider+Additions.m"; sourceTree = "<group>"; };
		7B995CE41D99F23B0047B6D5 /* ListCVFL.h */ = {isa = PBXFileReference; fileEncoding = 4; lastKnownFileType = sourcecode.c.h; path = ListCVFL.h; sourceTree = "<group>"; };
		7B995CE51D99F23B0047B6D5 /* ListCVFL.m */ = {isa = PBXFileReference; fileEncoding = 4; lastKnownFileType = sourcecode.c.objc; path = ListCVFL.m; sourceTree = "<group>"; };
		7B995CE71D99F2940047B6D5 /* UICollectionView+Additions.h */ = {isa = PBXFileReference; fileEncoding = 4; lastKnownFileType = sourcecode.c.h; path = "UICollectionView+Additions.h"; sourceTree = "<group>"; };
		7B995CE81D99F2940047B6D5 /* UICollectionView+Additions.m */ = {isa = PBXFileReference; fileEncoding = 4; lastKnownFileType = sourcecode.c.objc; path = "UICollectionView+Additions.m"; sourceTree = "<group>"; };
		7B995CEA1D99F3050047B6D5 /* FilterThumbnailCVCell.h */ = {isa = PBXFileReference; fileEncoding = 4; lastKnownFileType = sourcecode.c.h; path = FilterThumbnailCVCell.h; sourceTree = "<group>"; };
		7B995CEB1D99F3050047B6D5 /* FilterThumbnailCVCell.m */ = {isa = PBXFileReference; fileEncoding = 4; lastKnownFileType = sourcecode.c.objc; path = FilterThumbnailCVCell.m; sourceTree = "<group>"; };
		7B995CED1D99F6EC0047B6D5 /* UIImage+UIImage.h */ = {isa = PBXFileReference; fileEncoding = 4; lastKnownFileType = sourcecode.c.h; path = "UIImage+UIImage.h"; sourceTree = "<group>"; };
		7B995CEE1D99F6EC0047B6D5 /* UIImage+UIImage.m */ = {isa = PBXFileReference; fileEncoding = 4; lastKnownFileType = sourcecode.c.objc; path = "UIImage+UIImage.m"; sourceTree = "<group>"; };
		7B995CF01D99F82D0047B6D5 /* UIView+Additions.h */ = {isa = PBXFileReference; fileEncoding = 4; lastKnownFileType = sourcecode.c.h; path = "UIView+Additions.h"; sourceTree = "<group>"; };
		7B995CF11D99F82D0047B6D5 /* UIView+Additions.m */ = {isa = PBXFileReference; fileEncoding = 4; lastKnownFileType = sourcecode.c.objc; path = "UIView+Additions.m"; sourceTree = "<group>"; };
		7B9FC3571DCD82D5000AC79F /* DirectionsCell.h */ = {isa = PBXFileReference; fileEncoding = 4; lastKnownFileType = sourcecode.c.h; path = DirectionsCell.h; sourceTree = "<group>"; };
		7B9FC3581DCD82D5000AC79F /* DirectionsCell.m */ = {isa = PBXFileReference; fileEncoding = 4; lastKnownFileType = sourcecode.c.objc; path = DirectionsCell.m; sourceTree = "<group>"; };
		7BA833211D94E9C800841B40 /* FilterViewController.h */ = {isa = PBXFileReference; fileEncoding = 4; lastKnownFileType = sourcecode.c.h; path = FilterViewController.h; sourceTree = "<group>"; };
		7BA833221D94E9C800841B40 /* FilterViewController.m */ = {isa = PBXFileReference; fileEncoding = 4; lastKnownFileType = sourcecode.c.objc; path = FilterViewController.m; sourceTree = "<group>"; };
		7BCF0D561CF8D4EC003E4CB1 /* QuartzCore.framework */ = {isa = PBXFileReference; lastKnownFileType = wrapper.framework; name = QuartzCore.framework; path = System/Library/Frameworks/QuartzCore.framework; sourceTree = SDKROOT; };
		7BCF0D581CF8D6F2003E4CB1 /* CoreLocation.framework */ = {isa = PBXFileReference; lastKnownFileType = wrapper.framework; name = CoreLocation.framework; path = System/Library/Frameworks/CoreLocation.framework; sourceTree = SDKROOT; };
		7BDB91661D38886D0004EB6B /* GridCollectionViewCell.h */ = {isa = PBXFileReference; fileEncoding = 4; lastKnownFileType = sourcecode.c.h; path = GridCollectionViewCell.h; sourceTree = "<group>"; };
		7BDB91671D38886D0004EB6B /* GridCollectionViewCell.m */ = {isa = PBXFileReference; fileEncoding = 4; lastKnownFileType = sourcecode.c.objc; path = GridCollectionViewCell.m; sourceTree = "<group>"; };
		7BDB91691D388A930004EB6B /* GridCollectionViewFlowLayout.h */ = {isa = PBXFileReference; fileEncoding = 4; lastKnownFileType = sourcecode.c.h; path = GridCollectionViewFlowLayout.h; sourceTree = "<group>"; };
		7BDB916A1D388A930004EB6B /* GridCollectionViewFlowLayout.m */ = {isa = PBXFileReference; fileEncoding = 4; lastKnownFileType = sourcecode.c.objc; path = GridCollectionViewFlowLayout.m; sourceTree = "<group>"; };
		7BEB6BCA1CFE49E000C018FD /* LocalAuthentication.framework */ = {isa = PBXFileReference; lastKnownFileType = wrapper.framework; name = LocalAuthentication.framework; path = System/Library/Frameworks/LocalAuthentication.framework; sourceTree = SDKROOT; };
		7BF0F6931DCD78C3005DDB93 /* StreetVCViewController.h */ = {isa = PBXFileReference; fileEncoding = 4; lastKnownFileType = sourcecode.c.h; path = StreetVCViewController.h; sourceTree = "<group>"; };
		7BF0F6941DCD78C3005DDB93 /* StreetVCViewController.m */ = {isa = PBXFileReference; fileEncoding = 4; lastKnownFileType = sourcecode.c.objc; path = StreetVCViewController.m; sourceTree = "<group>"; };
		7BF3598F1CFE14F300ABB239 /* ImageViewController.h */ = {isa = PBXFileReference; fileEncoding = 4; lastKnownFileType = sourcecode.c.h; path = ImageViewController.h; sourceTree = "<group>"; };
		7BF359901CFE14F300ABB239 /* ImageViewController.m */ = {isa = PBXFileReference; fileEncoding = 4; lastKnownFileType = sourcecode.c.objc; path = ImageViewController.m; sourceTree = "<group>"; };
		90B1855AA239A194986F825E /* Pods-secret diary.release.xcconfig */ = {isa = PBXFileReference; includeInIndex = 1; lastKnownFileType = text.xcconfig; name = "Pods-secret diary.release.xcconfig"; path = "Pods/Target Support Files/Pods-secret diary/Pods-secret diary.release.xcconfig"; sourceTree = "<group>"; };
		9B4006693EEC5F0FA21C3FD9 /* Pods-secret diaryTests.debug.xcconfig */ = {isa = PBXFileReference; includeInIndex = 1; lastKnownFileType = text.xcconfig; name = "Pods-secret diaryTests.debug.xcconfig"; path = "Pods/Target Support Files/Pods-secret diaryTests/Pods-secret diaryTests.debug.xcconfig"; sourceTree = "<group>"; };
		BE3A182758288E4FF1CAB2DB /* libPods-secret diaryTests.a */ = {isa = PBXFileReference; explicitFileType = archive.ar; includeInIndex = 0; path = "libPods-secret diaryTests.a"; sourceTree = BUILT_PRODUCTS_DIR; };
/* End PBXFileReference section */

/* Begin PBXFrameworksBuildPhase section */
		7B74B96F1CF7ABF200F69544 /* Frameworks */ = {
			isa = PBXFrameworksBuildPhase;
			buildActionMask = 2147483647;
			files = (
				7B1DB37D1DB979B200D64BDB /* MapKit.framework in Frameworks */,
				7BEB6BCB1CFE49E000C018FD /* LocalAuthentication.framework in Frameworks */,
				7BCF0D591CF8D6F2003E4CB1 /* CoreLocation.framework in Frameworks */,
				7BCF0D571CF8D4EC003E4CB1 /* QuartzCore.framework in Frameworks */,
				7B74B99E1CF7B1F300F69544 /* CoreData.framework in Frameworks */,
				32BA3BE32389CDADADFCA67E /* libPods-secret diary.a in Frameworks */,
			);
			runOnlyForDeploymentPostprocessing = 0;
		};
		7B74B98B1CF7ABF200F69544 /* Frameworks */ = {
			isa = PBXFrameworksBuildPhase;
			buildActionMask = 2147483647;
			files = (
				E18964A0EA6A14C766B1441F /* libPods-secret diaryTests.a in Frameworks */,
			);
			runOnlyForDeploymentPostprocessing = 0;
		};
/* End PBXFrameworksBuildPhase section */

/* Begin PBXGroup section */
		7B1DB37B1DB979B200D64BDB /* Frameworks */ = {
			isa = PBXGroup;
			children = (
				7B1DB37C1DB979B200D64BDB /* MapKit.framework */,
				2A2A50349295F77161F690FC /* libPods-secret diary.a */,
				BE3A182758288E4FF1CAB2DB /* libPods-secret diaryTests.a */,
			);
			name = Frameworks;
			sourceTree = "<group>";
		};
		7B24DB001CF962AF001435E7 /* fonts */ = {
			isa = PBXGroup;
			children = (
				7B24DAFE1CF962A4001435E7 /* Gotham Narrow Book.otf */,
				7B24DAFF1CF962A4001435E7 /* GOTHAM-MEDIUM.TTF */,
				7B24DAFD1CF962A4001435E7 /* billabong.ttf */,
			);
			name = fonts;
			sourceTree = "<group>";
		};
		7B470C201D271AF5009C01D0 /* categories */ = {
			isa = PBXGroup;
			children = (
				7B9606DE1DB150E000D9C5F7 /* UITableView+Additions.h */,
				7B9606DF1DB150E000D9C5F7 /* UITableView+Additions.m */,
				7B995CF01D99F82D0047B6D5 /* UIView+Additions.h */,
				7B995CF11D99F82D0047B6D5 /* UIView+Additions.m */,
				7B995CED1D99F6EC0047B6D5 /* UIImage+UIImage.h */,
				7B995CEE1D99F6EC0047B6D5 /* UIImage+UIImage.m */,
				7B995CE71D99F2940047B6D5 /* UICollectionView+Additions.h */,
				7B995CE81D99F2940047B6D5 /* UICollectionView+Additions.m */,
				7B995CD81D99E81C0047B6D5 /* UISlider+Additions.h */,
				7B995CD91D99E81C0047B6D5 /* UISlider+Additions.m */,
				7B470C241D272429009C01D0 /* UIColor+CustomColor.h */,
				7B470C251D272429009C01D0 /* UIColor+CustomColor.m */,
				7B470C211D272140009C01D0 /* UIFont+CustomFont.h */,
				7B470C221D272140009C01D0 /* UIFont+CustomFont.m */,
			);
			name = categories;
			path = BlogReaderApp;
			sourceTree = "<group>";
		};
		7B74B9691CF7ABF200F69544 = {
			isa = PBXGroup;
			children = (
				7BEB6BCA1CFE49E000C018FD /* LocalAuthentication.framework */,
				7BCF0D581CF8D6F2003E4CB1 /* CoreLocation.framework */,
				7B74B99D1CF7B1F300F69544 /* CoreData.framework */,
				7BCF0D561CF8D4EC003E4CB1 /* QuartzCore.framework */,
				7B995CC71D99CF330047B6D5 /* CommonTools */,
				7B74B9A81CF7B73D00F69544 /* model */,
				7B74B9B51CF80FBF00F69544 /* view */,
				7B74B9A91CF7B75500F69544 /* controller */,
				7B74B9741CF7ABF200F69544 /* BlogReaderApp */,
				7B74B9911CF7ABF200F69544 /* BlogReaderAppTests */,
				7B74B9731CF7ABF200F69544 /* Products */,
				7B1DB37B1DB979B200D64BDB /* Frameworks */,
				7E9A3FA6ABB70FA954F7589C /* Pods */,
			);
			sourceTree = "<group>";
		};
		7B74B9731CF7ABF200F69544 /* Products */ = {
			isa = PBXGroup;
			children = (
				7B74B9721CF7ABF200F69544 /* secret diary.app */,
				7B74B98E1CF7ABF200F69544 /* secret diary.xctest */,
			);
			name = Products;
			sourceTree = "<group>";
		};
		7B74B9741CF7ABF200F69544 /* BlogReaderApp */ = {
			isa = PBXGroup;
			children = (
				7B24DB001CF962AF001435E7 /* fonts */,
				7B74B9791CF7ABF200F69544 /* AppDelegate.m */,
				7B74B9781CF7ABF200F69544 /* AppDelegate.h */,
				7B74B97E1CF7ABF200F69544 /* Main.storyboard */,
				7B74B9841CF7ABF200F69544 /* Assets.xcassets */,
				7B995CD01D99D1CD0047B6D5 /* dismiss.png */,
				7B74B9861CF7ABF200F69544 /* LaunchScreen.storyboard */,
				7B74B9891CF7ABF200F69544 /* Info.plist */,
				7B74B9811CF7ABF200F69544 /* BlogReaderApp.xcdatamodeld */,
				7B74B9751CF7ABF200F69544 /* Supporting Files */,
			);
			path = BlogReaderApp;
			sourceTree = "<group>";
		};
		7B74B9751CF7ABF200F69544 /* Supporting Files */ = {
			isa = PBXGroup;
			children = (
				7B74B9761CF7ABF200F69544 /* main.m */,
			);
			name = "Supporting Files";
			sourceTree = "<group>";
		};
		7B74B9911CF7ABF200F69544 /* BlogReaderAppTests */ = {
			isa = PBXGroup;
			children = (
				7B74B9921CF7ABF200F69544 /* BlogReaderAppTests.m */,
				7B74B9941CF7ABF200F69544 /* Info.plist */,
			);
			path = BlogReaderAppTests;
			sourceTree = "<group>";
		};
		7B74B9A81CF7B73D00F69544 /* model */ = {
			isa = PBXGroup;
			children = (
				7B516BDB1DAD8D92000F36EE /* LocationManager.h */,
				7B516BDC1DAD8D92000F36EE /* LocationManager.m */,
				7B74B9B11CF8056B00F69544 /* coreDataStack */,
				7B74B9B01CF8054F00F69544 /* objectModel */,
			);
			name = model;
			sourceTree = "<group>";
		};
		7B74B9A91CF7B75500F69544 /* controller */ = {
			isa = PBXGroup;
			children = (
				7BF0F6931DCD78C3005DDB93 /* StreetVCViewController.h */,
				7BF0F6941DCD78C3005DDB93 /* StreetVCViewController.m */,
				7B1DB3811DB9CED100D64BDB /* MapViewController.h */,
				7B1DB3821DB9CED100D64BDB /* MapViewController.m */,
				7BA833211D94E9C800841B40 /* FilterViewController.h */,
				7BA833221D94E9C800841B40 /* FilterViewController.m */,
				7B380F3C1CFE92FC00EF3735 /* AuthenticationViewController.h */,
				7B380F3D1CFE92FC00EF3735 /* AuthenticationViewController.m */,
				7B74B9AD1CF7D97500F69544 /* THEntrylistViewController.h */,
				7B74B9AE1CF7D97500F69544 /* THEntrylistViewController.m */,
				7B470C271D27516D009C01D0 /* DetailViewController.h */,
				7B470C281D27516D009C01D0 /* DetailViewController.m */,
				7B74B9AA1CF7BC2300F69544 /* THEntryViewcontroller.h */,
				7B74B9AB1CF7BC2300F69544 /* THEntryViewcontroller.m */,
				7BF3598F1CFE14F300ABB239 /* ImageViewController.h */,
				7BF359901CFE14F300ABB239 /* ImageViewController.m */,
			);
			name = controller;
			path = BlogReaderApp;
			sourceTree = "<group>";
		};
		7B74B9B01CF8054F00F69544 /* objectModel */ = {
			isa = PBXGroup;
			children = (
				7B74B9A21CF7B71D00F69544 /* THDiaryEntry+CoreDataProperties.h */,
				7B74B9A31CF7B71D00F69544 /* THDiaryEntry+CoreDataProperties.m */,
				7B74B9A41CF7B71D00F69544 /* THDiaryEntry.h */,
				7B74B9A51CF7B71D00F69544 /* THDiaryEntry.m */,
			);
			name = objectModel;
			sourceTree = "<group>";
		};
		7B74B9B11CF8056B00F69544 /* coreDataStack */ = {
			isa = PBXGroup;
			children = (
				7B74B9A01CF7B3C400F69544 /* THCoreDataStack.m */,
				7B74B99F1CF7B3C400F69544 /* THCoreDataStack.h */,
			);
			name = coreDataStack;
			sourceTree = "<group>";
		};
		7B74B9B51CF80FBF00F69544 /* view */ = {
			isa = PBXGroup;
			children = (
				7B9FC3571DCD82D5000AC79F /* DirectionsCell.h */,
				7B9FC3581DCD82D5000AC79F /* DirectionsCell.m */,
				7B206F1D1DCD413900773BDE /* MarkerDetailView.h */,
				7B206F1E1DCD413900773BDE /* MarkerDetailView.m */,
				7B72CF271DB00E46004E65D7 /* CustomToolBar.h */,
				7B72CF281DB00E46004E65D7 /* CustomToolBar.m */,
				7B72CF241DB00401004E65D7 /* TableViewHeaderView.h */,
				7B72CF251DB00401004E65D7 /* TableViewHeaderView.m */,
				7B516BE11DAF51C5000F36EE /* PlaceholderView.h */,
				7B516BE21DAF51C5000F36EE /* PlaceholderView.m */,
				7B516BDE1DAEDC50000F36EE /* SectionReusableView.h */,
				7B516BDF1DAEDC50000F36EE /* SectionReusableView.m */,
				7B995CEA1D99F3050047B6D5 /* FilterThumbnailCVCell.h */,
				7B995CEB1D99F3050047B6D5 /* FilterThumbnailCVCell.m */,
				7B995CD51D99E7FE0047B6D5 /* SlidersView.h */,
				7B995CD61D99E7FE0047B6D5 /* SlidersView.m */,
				7B995CC41D99CF020047B6D5 /* TopView.h */,
				7B995CC51D99CF020047B6D5 /* TopView.m */,
				7BDB91691D388A930004EB6B /* GridCollectionViewFlowLayout.h */,
				7BDB916A1D388A930004EB6B /* GridCollectionViewFlowLayout.m */,
				7BDB91661D38886D0004EB6B /* GridCollectionViewCell.h */,
				7BDB91671D38886D0004EB6B /* GridCollectionViewCell.m */,
				7B41FB7E1D2C10180091DC64 /* DoubleTapImage.h */,
				7B41FB7F1D2C10180091DC64 /* DoubleTapImage.m */,
				7B74B9B21CF80FAF00F69544 /* THNavigationController.h */,
				7B74B9B31CF80FAF00F69544 /* THNavigationController.m */,
				7B74B9B61CF8148D00F69544 /* THEntryCell.h */,
				7B74B9B71CF8148D00F69544 /* THEntryCell.m */,
			);
			name = view;
			sourceTree = "<group>";
		};
		7B995CC71D99CF330047B6D5 /* CommonTools */ = {
			isa = PBXGroup;
			children = (
				7B995CE41D99F23B0047B6D5 /* ListCVFL.h */,
				7B995CE51D99F23B0047B6D5 /* ListCVFL.m */,
				7B995CD21D99E7E80047B6D5 /* FilterSettings.h */,
				7B995CD31D99E7E80047B6D5 /* FilterSettings.m */,
				7B995CCB1D99CF990047B6D5 /* Common.h */,
				7B995CCC1D99CF990047B6D5 /* Common.m */,
				7B995CC81D99CF440047B6D5 /* CommonUIConstants.m */,
				7B995CC91D99CF440047B6D5 /* CommonUIConstants.h */,
				7B470C201D271AF5009C01D0 /* categories */,
			);
			name = CommonTools;
			sourceTree = "<group>";
		};
		7E9A3FA6ABB70FA954F7589C /* Pods */ = {
			isa = PBXGroup;
			children = (
				7B8538955EAB0DBFFFE4C917 /* Pods-secret diary.debug.xcconfig */,
				90B1855AA239A194986F825E /* Pods-secret diary.release.xcconfig */,
				9B4006693EEC5F0FA21C3FD9 /* Pods-secret diaryTests.debug.xcconfig */,
				2AAC374B9C1CA1CE434E6D3F /* Pods-secret diaryTests.release.xcconfig */,
			);
			name = Pods;
			sourceTree = "<group>";
		};
/* End PBXGroup section */

/* Begin PBXNativeTarget section */
		7B74B9711CF7ABF200F69544 /* secret diary */ = {
			isa = PBXNativeTarget;
			buildConfigurationList = 7B74B9971CF7ABF200F69544 /* Build configuration list for PBXNativeTarget "secret diary" */;
			buildPhases = (
				227D08AE4391FC6DAE3FD68A /* [CP] Check Pods Manifest.lock */,
				7B74B96E1CF7ABF200F69544 /* Sources */,
				7B74B96F1CF7ABF200F69544 /* Frameworks */,
				7B74B9701CF7ABF200F69544 /* Resources */,
				B59D5A75160D11640038F712 /* [CP] Embed Pods Frameworks */,
				6F150EEF55096F1B7A751BFE /* [CP] Copy Pods Resources */,
			);
			buildRules = (
			);
			dependencies = (
			);
			name = "secret diary";
			productName = BlogReaderApp;
			productReference = 7B74B9721CF7ABF200F69544 /* secret diary.app */;
			productType = "com.apple.product-type.application";
		};
		7B74B98D1CF7ABF200F69544 /* secret diaryTests */ = {
			isa = PBXNativeTarget;
			buildConfigurationList = 7B74B99A1CF7ABF200F69544 /* Build configuration list for PBXNativeTarget "secret diaryTests" */;
			buildPhases = (
				09A17BBC6B33961BE11E3B7C /* [CP] Check Pods Manifest.lock */,
				7B74B98A1CF7ABF200F69544 /* Sources */,
				7B74B98B1CF7ABF200F69544 /* Frameworks */,
				7B74B98C1CF7ABF200F69544 /* Resources */,
				60F80F2C4CD9A6B32A2DCBB0 /* [CP] Embed Pods Frameworks */,
				E278D90AA583060033E3445E /* [CP] Copy Pods Resources */,
			);
			buildRules = (
			);
			dependencies = (
				7B74B9901CF7ABF200F69544 /* PBXTargetDependency */,
			);
			name = "secret diaryTests";
			productName = BlogReaderAppTests;
			productReference = 7B74B98E1CF7ABF200F69544 /* secret diary.xctest */;
			productType = "com.apple.product-type.bundle.unit-test";
		};
/* End PBXNativeTarget section */

/* Begin PBXProject section */
		7B74B96A1CF7ABF200F69544 /* Project object */ = {
			isa = PBXProject;
			attributes = {
				LastUpgradeCheck = 0800;
				ORGANIZATIONNAME = "James Rochabrun";
				TargetAttributes = {
					7B74B9711CF7ABF200F69544 = {
						CreatedOnToolsVersion = 7.3;
						DevelopmentTeam = ULU46F325W;
					};
					7B74B98D1CF7ABF200F69544 = {
						CreatedOnToolsVersion = 7.3;
						TestTargetID = 7B74B9711CF7ABF200F69544;
					};
				};
			};
			buildConfigurationList = 7B74B96D1CF7ABF200F69544 /* Build configuration list for PBXProject "momentum" */;
			compatibilityVersion = "Xcode 3.2";
			developmentRegion = English;
			hasScannedForEncodings = 0;
			knownRegions = (
				en,
				Base,
			);
			mainGroup = 7B74B9691CF7ABF200F69544;
			productRefGroup = 7B74B9731CF7ABF200F69544 /* Products */;
			projectDirPath = "";
			projectRoot = "";
			targets = (
				7B74B9711CF7ABF200F69544 /* secret diary */,
				7B74B98D1CF7ABF200F69544 /* secret diaryTests */,
			);
		};
/* End PBXProject section */

/* Begin PBXResourcesBuildPhase section */
		7B74B9701CF7ABF200F69544 /* Resources */ = {
			isa = PBXResourcesBuildPhase;
			buildActionMask = 2147483647;
			files = (
				7B5045961CF9FB00008A6AB6 /* Gotham Narrow Book.otf in Resources */,
				7B5045971CF9FB00008A6AB6 /* GOTHAM-MEDIUM.TTF in Resources */,
				7B5045981CF9FB00008A6AB6 /* billabong.ttf in Resources */,
				7B995CD11D99D1CD0047B6D5 /* dismiss.png in Resources */,
				7B74B9881CF7ABF200F69544 /* LaunchScreen.storyboard in Resources */,
				7B74B9851CF7ABF200F69544 /* Assets.xcassets in Resources */,
				7B74B9801CF7ABF200F69544 /* Main.storyboard in Resources */,
			);
			runOnlyForDeploymentPostprocessing = 0;
		};
		7B74B98C1CF7ABF200F69544 /* Resources */ = {
			isa = PBXResourcesBuildPhase;
			buildActionMask = 2147483647;
			files = (
			);
			runOnlyForDeploymentPostprocessing = 0;
		};
/* End PBXResourcesBuildPhase section */

/* Begin PBXShellScriptBuildPhase section */
		09A17BBC6B33961BE11E3B7C /* [CP] Check Pods Manifest.lock */ = {
			isa = PBXShellScriptBuildPhase;
			buildActionMask = 2147483647;
			files = (
			);
			inputPaths = (
			);
			name = "[CP] Check Pods Manifest.lock";
			outputPaths = (
			);
			runOnlyForDeploymentPostprocessing = 0;
			shellPath = /bin/sh;
			shellScript = "diff \"${PODS_ROOT}/../Podfile.lock\" \"${PODS_ROOT}/Manifest.lock\" > /dev/null\nif [[ $? != 0 ]] ; then\n    cat << EOM\nerror: The sandbox is not in sync with the Podfile.lock. Run 'pod install' or update your CocoaPods installation.\nEOM\n    exit 1\nfi\n";
			showEnvVarsInLog = 0;
		};
		227D08AE4391FC6DAE3FD68A /* [CP] Check Pods Manifest.lock */ = {
			isa = PBXShellScriptBuildPhase;
			buildActionMask = 2147483647;
			files = (
			);
			inputPaths = (
			);
			name = "[CP] Check Pods Manifest.lock";
			outputPaths = (
			);
			runOnlyForDeploymentPostprocessing = 0;
			shellPath = /bin/sh;
			shellScript = "diff \"${PODS_ROOT}/../Podfile.lock\" \"${PODS_ROOT}/Manifest.lock\" > /dev/null\nif [[ $? != 0 ]] ; then\n    cat << EOM\nerror: The sandbox is not in sync with the Podfile.lock. Run 'pod install' or update your CocoaPods installation.\nEOM\n    exit 1\nfi\n";
			showEnvVarsInLog = 0;
		};
		60F80F2C4CD9A6B32A2DCBB0 /* [CP] Embed Pods Frameworks */ = {
			isa = PBXShellScriptBuildPhase;
			buildActionMask = 2147483647;
			files = (
			);
			inputPaths = (
			);
			name = "[CP] Embed Pods Frameworks";
			outputPaths = (
			);
			runOnlyForDeploymentPostprocessing = 0;
			shellPath = /bin/sh;
			shellScript = "\"${SRCROOT}/Pods/Target Support Files/Pods-secret diaryTests/Pods-secret diaryTests-frameworks.sh\"\n";
			showEnvVarsInLog = 0;
		};
		6F150EEF55096F1B7A751BFE /* [CP] Copy Pods Resources */ = {
			isa = PBXShellScriptBuildPhase;
			buildActionMask = 2147483647;
			files = (
			);
			inputPaths = (
			);
			name = "[CP] Copy Pods Resources";
			outputPaths = (
			);
			runOnlyForDeploymentPostprocessing = 0;
			shellPath = /bin/sh;
			shellScript = "\"${SRCROOT}/Pods/Target Support Files/Pods-secret diary/Pods-secret diary-resources.sh\"\n";
			showEnvVarsInLog = 0;
		};
		B59D5A75160D11640038F712 /* [CP] Embed Pods Frameworks */ = {
			isa = PBXShellScriptBuildPhase;
			buildActionMask = 2147483647;
			files = (
			);
			inputPaths = (
			);
			name = "[CP] Embed Pods Frameworks";
			outputPaths = (
			);
			runOnlyForDeploymentPostprocessing = 0;
			shellPath = /bin/sh;
			shellScript = "\"${SRCROOT}/Pods/Target Support Files/Pods-secret diary/Pods-secret diary-frameworks.sh\"\n";
			showEnvVarsInLog = 0;
		};
		E278D90AA583060033E3445E /* [CP] Copy Pods Resources */ = {
			isa = PBXShellScriptBuildPhase;
			buildActionMask = 2147483647;
			files = (
			);
			inputPaths = (
			);
			name = "[CP] Copy Pods Resources";
			outputPaths = (
			);
			runOnlyForDeploymentPostprocessing = 0;
			shellPath = /bin/sh;
			shellScript = "\"${SRCROOT}/Pods/Target Support Files/Pods-secret diaryTests/Pods-secret diaryTests-resources.sh\"\n";
			showEnvVarsInLog = 0;
		};
/* End PBXShellScriptBuildPhase section */

/* Begin PBXSourcesBuildPhase section */
		7B74B96E1CF7ABF200F69544 /* Sources */ = {
			isa = PBXSourcesBuildPhase;
			buildActionMask = 2147483647;
			files = (
				7B995CCE1D99CF990047B6D5 /* Common.m in Sources */,
				7B72CF261DB00401004E65D7 /* TableViewHeaderView.m in Sources */,
				7B1DB3831DB9CED100D64BDB /* MapViewController.m in Sources */,
				7B995CD71D99E7FE0047B6D5 /* SlidersView.m in Sources */,
				7B995CD41D99E7E80047B6D5 /* FilterSettings.m in Sources */,
				7B72CF291DB00E46004E65D7 /* CustomToolBar.m in Sources */,
				7B74B9A11CF7B3C400F69544 /* THCoreDataStack.m in Sources */,
				7B74B9A71CF7B71D00F69544 /* THDiaryEntry.m in Sources */,
				7B74B9A61CF7B71D00F69544 /* THDiaryEntry+CoreDataProperties.m in Sources */,
				7B206F1F1DCD413900773BDE /* MarkerDetailView.m in Sources */,
				7B74B9AC1CF7BC2300F69544 /* THEntryViewcontroller.m in Sources */,
				7B380F3E1CFE92FC00EF3735 /* AuthenticationViewController.m in Sources */,
				7B995CE61D99F23B0047B6D5 /* ListCVFL.m in Sources */,
				7BF0F6951DCD78C3005DDB93 /* StreetVCViewController.m in Sources */,
				7BDB91681D38886D0004EB6B /* GridCollectionViewCell.m in Sources */,
				7B995CC61D99CF020047B6D5 /* TopView.m in Sources */,
				7B516BDD1DAD8D92000F36EE /* LocationManager.m in Sources */,
				7B470C291D27516D009C01D0 /* DetailViewController.m in Sources */,
				7BF359911CFE14F300ABB239 /* ImageViewController.m in Sources */,
				7B74B97A1CF7ABF200F69544 /* AppDelegate.m in Sources */,
				7B995CE91D99F2940047B6D5 /* UICollectionView+Additions.m in Sources */,
				7B74B9831CF7ABF200F69544 /* BlogReaderApp.xcdatamodeld in Sources */,
				7B74B9B81CF8148D00F69544 /* THEntryCell.m in Sources */,
				7BA833231D94E9C800841B40 /* FilterViewController.m in Sources */,
				7B9606E01DB150E000D9C5F7 /* UITableView+Additions.m in Sources */,
				7B516BE01DAEDC50000F36EE /* SectionReusableView.m in Sources */,
				7B995CF21D99F82D0047B6D5 /* UIView+Additions.m in Sources */,
				7B74B9771CF7ABF200F69544 /* main.m in Sources */,
				7B995CDA1D99E81C0047B6D5 /* UISlider+Additions.m in Sources */,
				7B995CEF1D99F6EC0047B6D5 /* UIImage+UIImage.m in Sources */,
				7B74B9AF1CF7D97500F69544 /* THEntrylistViewController.m in Sources */,
				7B995CEC1D99F3050047B6D5 /* FilterThumbnailCVCell.m in Sources */,
				7B470C231D272140009C01D0 /* UIFont+CustomFont.m in Sources */,
				7B470C261D272429009C01D0 /* UIColor+CustomColor.m in Sources */,
				7B41FB801D2C10180091DC64 /* DoubleTapImage.m in Sources */,
				7B516BE31DAF51C5000F36EE /* PlaceholderView.m in Sources */,
				7B995CCA1D99CF440047B6D5 /* CommonUIConstants.m in Sources */,
				7BDB916B1D388A930004EB6B /* GridCollectionViewFlowLayout.m in Sources */,
				7B74B9B41CF80FAF00F69544 /* THNavigationController.m in Sources */,
				7B9FC3591DCD82D5000AC79F /* DirectionsCell.m in Sources */,
			);
			runOnlyForDeploymentPostprocessing = 0;
		};
		7B74B98A1CF7ABF200F69544 /* Sources */ = {
			isa = PBXSourcesBuildPhase;
			buildActionMask = 2147483647;
			files = (
				7B74B9931CF7ABF200F69544 /* BlogReaderAppTests.m in Sources */,
			);
			runOnlyForDeploymentPostprocessing = 0;
		};
/* End PBXSourcesBuildPhase section */

/* Begin PBXTargetDependency section */
		7B74B9901CF7ABF200F69544 /* PBXTargetDependency */ = {
			isa = PBXTargetDependency;
			target = 7B74B9711CF7ABF200F69544 /* secret diary */;
			targetProxy = 7B74B98F1CF7ABF200F69544 /* PBXContainerItemProxy */;
		};
/* End PBXTargetDependency section */

/* Begin PBXVariantGroup section */
		7B74B97E1CF7ABF200F69544 /* Main.storyboard */ = {
			isa = PBXVariantGroup;
			children = (
				7B74B97F1CF7ABF200F69544 /* Base */,
			);
			name = Main.storyboard;
			sourceTree = "<group>";
		};
		7B74B9861CF7ABF200F69544 /* LaunchScreen.storyboard */ = {
			isa = PBXVariantGroup;
			children = (
				7B74B9871CF7ABF200F69544 /* Base */,
			);
			name = LaunchScreen.storyboard;
			sourceTree = "<group>";
		};
/* End PBXVariantGroup section */

/* Begin XCBuildConfiguration section */
		7B74B9951CF7ABF200F69544 /* Debug */ = {
			isa = XCBuildConfiguration;
			buildSettings = {
				ALWAYS_SEARCH_USER_PATHS = NO;
				CLANG_ANALYZER_NONNULL = YES;
				CLANG_CXX_LANGUAGE_STANDARD = "gnu++0x";
				CLANG_CXX_LIBRARY = "libc++";
				CLANG_ENABLE_MODULES = YES;
				CLANG_ENABLE_OBJC_ARC = YES;
				CLANG_WARN_BOOL_CONVERSION = YES;
				CLANG_WARN_CONSTANT_CONVERSION = YES;
				CLANG_WARN_DIRECT_OBJC_ISA_USAGE = YES_ERROR;
				CLANG_WARN_EMPTY_BODY = YES;
				CLANG_WARN_ENUM_CONVERSION = YES;
				CLANG_WARN_INFINITE_RECURSION = YES;
				CLANG_WARN_INT_CONVERSION = YES;
				CLANG_WARN_OBJC_ROOT_CLASS = YES_ERROR;
				CLANG_WARN_SUSPICIOUS_MOVE = YES;
				CLANG_WARN_UNREACHABLE_CODE = YES;
				CLANG_WARN__DUPLICATE_METHOD_MATCH = YES;
				"CODE_SIGN_IDENTITY[sdk=iphoneos*]" = "iPhone Developer";
				COPY_PHASE_STRIP = NO;
				DEBUG_INFORMATION_FORMAT = dwarf;
				ENABLE_STRICT_OBJC_MSGSEND = YES;
				ENABLE_TESTABILITY = YES;
				GCC_C_LANGUAGE_STANDARD = gnu99;
				GCC_DYNAMIC_NO_PIC = NO;
				GCC_NO_COMMON_BLOCKS = YES;
				GCC_OPTIMIZATION_LEVEL = 0;
				GCC_PREPROCESSOR_DEFINITIONS = (
					"DEBUG=1",
					"$(inherited)",
				);
				GCC_WARN_64_TO_32_BIT_CONVERSION = YES;
				GCC_WARN_ABOUT_RETURN_TYPE = YES_ERROR;
				GCC_WARN_UNDECLARED_SELECTOR = YES;
				GCC_WARN_UNINITIALIZED_AUTOS = YES_AGGRESSIVE;
				GCC_WARN_UNUSED_FUNCTION = YES;
				GCC_WARN_UNUSED_VARIABLE = YES;
				IPHONEOS_DEPLOYMENT_TARGET = 9.3;
				MTL_ENABLE_DEBUG_INFO = YES;
				ONLY_ACTIVE_ARCH = YES;
				SDKROOT = iphoneos;
			};
			name = Debug;
		};
		7B74B9961CF7ABF200F69544 /* Release */ = {
			isa = XCBuildConfiguration;
			buildSettings = {
				ALWAYS_SEARCH_USER_PATHS = NO;
				CLANG_ANALYZER_NONNULL = YES;
				CLANG_CXX_LANGUAGE_STANDARD = "gnu++0x";
				CLANG_CXX_LIBRARY = "libc++";
				CLANG_ENABLE_MODULES = YES;
				CLANG_ENABLE_OBJC_ARC = YES;
				CLANG_WARN_BOOL_CONVERSION = YES;
				CLANG_WARN_CONSTANT_CONVERSION = YES;
				CLANG_WARN_DIRECT_OBJC_ISA_USAGE = YES_ERROR;
				CLANG_WARN_EMPTY_BODY = YES;
				CLANG_WARN_ENUM_CONVERSION = YES;
				CLANG_WARN_INFINITE_RECURSION = YES;
				CLANG_WARN_INT_CONVERSION = YES;
				CLANG_WARN_OBJC_ROOT_CLASS = YES_ERROR;
				CLANG_WARN_SUSPICIOUS_MOVE = YES;
				CLANG_WARN_UNREACHABLE_CODE = YES;
				CLANG_WARN__DUPLICATE_METHOD_MATCH = YES;
				"CODE_SIGN_IDENTITY[sdk=iphoneos*]" = "iPhone Developer";
				COPY_PHASE_STRIP = NO;
				DEBUG_INFORMATION_FORMAT = "dwarf-with-dsym";
				ENABLE_NS_ASSERTIONS = NO;
				ENABLE_STRICT_OBJC_MSGSEND = YES;
				GCC_C_LANGUAGE_STANDARD = gnu99;
				GCC_NO_COMMON_BLOCKS = YES;
				GCC_WARN_64_TO_32_BIT_CONVERSION = YES;
				GCC_WARN_ABOUT_RETURN_TYPE = YES_ERROR;
				GCC_WARN_UNDECLARED_SELECTOR = YES;
				GCC_WARN_UNINITIALIZED_AUTOS = YES_AGGRESSIVE;
				GCC_WARN_UNUSED_FUNCTION = YES;
				GCC_WARN_UNUSED_VARIABLE = YES;
				IPHONEOS_DEPLOYMENT_TARGET = 9.3;
				MTL_ENABLE_DEBUG_INFO = NO;
				SDKROOT = iphoneos;
				VALIDATE_PRODUCT = YES;
			};
			name = Release;
		};
		7B74B9981CF7ABF200F69544 /* Debug */ = {
			isa = XCBuildConfiguration;
			baseConfigurationReference = 7B8538955EAB0DBFFFE4C917 /* Pods-secret diary.debug.xcconfig */;
			buildSettings = {
				ASSETCATALOG_COMPILER_APPICON_NAME = AppIcon;
				CODE_SIGN_IDENTITY = "iPhone Developer";
				DEVELOPMENT_TEAM = ULU46F325W;
				INFOPLIST_FILE = BlogReaderApp/Info.plist;
				IPHONEOS_DEPLOYMENT_TARGET = 10.1;
				LD_RUNPATH_SEARCH_PATHS = "$(inherited) @executable_path/Frameworks";
				PRODUCT_BUNDLE_IDENTIFIER = com.speedelo.momentumApp;
				PRODUCT_NAME = "secret diary";
				TARGETED_DEVICE_FAMILY = 1;
			};
			name = Debug;
		};
		7B74B9991CF7ABF200F69544 /* Release */ = {
			isa = XCBuildConfiguration;
			baseConfigurationReference = 90B1855AA239A194986F825E /* Pods-secret diary.release.xcconfig */;
			buildSettings = {
				ASSETCATALOG_COMPILER_APPICON_NAME = AppIcon;
				CODE_SIGN_IDENTITY = "iPhone Developer";
				DEVELOPMENT_TEAM = ULU46F325W;
				INFOPLIST_FILE = BlogReaderApp/Info.plist;
				IPHONEOS_DEPLOYMENT_TARGET = 10.1;
				LD_RUNPATH_SEARCH_PATHS = "$(inherited) @executable_path/Frameworks";
				PRODUCT_BUNDLE_IDENTIFIER = com.speedelo.momentumApp;
				PRODUCT_NAME = "secret diary";
				TARGETED_DEVICE_FAMILY = 1;
			};
			name = Release;
		};
		7B74B99B1CF7ABF200F69544 /* Debug */ = {
			isa = XCBuildConfiguration;
			baseConfigurationReference = 9B4006693EEC5F0FA21C3FD9 /* Pods-secret diaryTests.debug.xcconfig */;
			buildSettings = {
				BUNDLE_LOADER = "$(TEST_HOST)";
				INFOPLIST_FILE = BlogReaderAppTests/Info.plist;
				LD_RUNPATH_SEARCH_PATHS = "$(inherited) @executable_path/Frameworks @loader_path/Frameworks";
				PRODUCT_BUNDLE_IDENTIFIER = yo.BlogReaderAppTests;
				PRODUCT_NAME = "secret diary";
				TEST_HOST = "$(BUILT_PRODUCTS_DIR)/secret diary.app/secret diary";
			};
			name = Debug;
		};
		7B74B99C1CF7ABF200F69544 /* Release */ = {
			isa = XCBuildConfiguration;
			baseConfigurationReference = 2AAC374B9C1CA1CE434E6D3F /* Pods-secret diaryTests.release.xcconfig */;
			buildSettings = {
				BUNDLE_LOADER = "$(TEST_HOST)";
				INFOPLIST_FILE = BlogReaderAppTests/Info.plist;
				LD_RUNPATH_SEARCH_PATHS = "$(inherited) @executable_path/Frameworks @loader_path/Frameworks";
				PRODUCT_BUNDLE_IDENTIFIER = yo.BlogReaderAppTests;
				PRODUCT_NAME = "secret diary";
				TEST_HOST = "$(BUILT_PRODUCTS_DIR)/secret diary.app/secret diary";
			};
			name = Release;
		};
/* End XCBuildConfiguration section */

/* Begin XCConfigurationList section */
		7B74B96D1CF7ABF200F69544 /* Build configuration list for PBXProject "momentum" */ = {
			isa = XCConfigurationList;
			buildConfigurations = (
				7B74B9951CF7ABF200F69544 /* Debug */,
				7B74B9961CF7ABF200F69544 /* Release */,
			);
			defaultConfigurationIsVisible = 0;
			defaultConfigurationName = Release;
		};
		7B74B9971CF7ABF200F69544 /* Build configuration list for PBXNativeTarget "secret diary" */ = {
			isa = XCConfigurationList;
			buildConfigurations = (
				7B74B9981CF7ABF200F69544 /* Debug */,
				7B74B9991CF7ABF200F69544 /* Release */,
			);
			defaultConfigurationIsVisible = 0;
			defaultConfigurationName = Release;
		};
		7B74B99A1CF7ABF200F69544 /* Build configuration list for PBXNativeTarget "secret diaryTests" */ = {
			isa = XCConfigurationList;
			buildConfigurations = (
				7B74B99B1CF7ABF200F69544 /* Debug */,
				7B74B99C1CF7ABF200F69544 /* Release */,
			);
			defaultConfigurationIsVisible = 0;
			defaultConfigurationName = Release;
		};
/* End XCConfigurationList section */

/* Begin XCVersionGroup section */
		7B74B9811CF7ABF200F69544 /* BlogReaderApp.xcdatamodeld */ = {
			isa = XCVersionGroup;
			children = (
				7B74B9821CF7ABF200F69544 /* BlogReaderApp.xcdatamodel */,
			);
			currentVersion = 7B74B9821CF7ABF200F69544 /* BlogReaderApp.xcdatamodel */;
			path = BlogReaderApp.xcdatamodeld;
			sourceTree = "<group>";
			versionGroupType = wrapper.xcdatamodel;
		};
/* End XCVersionGroup section */
	};
	rootObject = 7B74B96A1CF7ABF200F69544 /* Project object */;
}
